{
  "name": "xmind-web",
  "lockfileVersion": 3,
  "requires": true,
  "packages": {
    "": {
      "dependencies": {
        "mind-elixir": "^4.3.6"
      }
    },
    "node_modules/mind-elixir": {
      "version": "4.3.6",
      "resolved": "https://registry.npmmirror.com/mind-elixir/-/mind-elixir-4.3.6.tgz",
      "integrity": "sha512-6E9DT5vOYJ7DMDFXJlAnKU3Q6ekwBkR48Tjo6PchEcxJjPURJsiIASxtIeZCfvp8V39N4WyIa3Yt7Q/SFQkVfw=="
    }
  }
}
